
Microsoft Visual Studio Solution File, Format Version 12.00
# Visual Studio 2013
VisualStudioVersion = 12.0.30501.0
MinimumVisualStudioVersion = 10.0.40219.1
Project("{F2A71F9B-5D33-465A-A702-920D77279786}") = "Aether", "src\Aether\Aether.fsproj", "{DB16B798-065B-4FF7-BAFD-502CD2B0519A}"
EndProject
Project("{F2A71F9B-5D33-465A-A702-920D77279786}") = "Aether.Console", "test\Aether.Console\Aether.Console.fsproj", "{1AADA1E6-4878-4347-9E1C-2C6C78F31263}"
EndProject
Global
	GlobalSection(SolutionConfigurationPlatforms) = preSolution
		Debug|Any CPU = Debug|Any CPU
		Release|Any CPU = Release|Any CPU
	EndGlobalSection
	GlobalSection(ProjectConfigurationPlatforms) = postSolution
		{DB16B798-065B-4FF7-BAFD-502CD2B0519A}.Debug|Any CPU.ActiveCfg = Debug|Any CPU
		{DB16B798-065B-4FF7-BAFD-502CD2B0519A}.Debug|Any CPU.Build.0 = Debug|Any CPU
		{DB16B798-065B-4FF7-BAFD-502CD2B0519A}.Release|Any CPU.ActiveCfg = Release|Any CPU
		{DB16B798-065B-4FF7-BAFD-502CD2B0519A}.Release|Any CPU.Build.0 = Release|Any CPU
		{1AADA1E6-4878-4347-9E1C-2C6C78F31263}.Debug|Any CPU.ActiveCfg = Debug|Any CPU
		{1AADA1E6-4878-4347-9E1C-2C6C78F31263}.Debug|Any CPU.Build.0 = Debug|Any CPU
		{1AADA1E6-4878-4347-9E1C-2C6C78F31263}.Release|Any CPU.ActiveCfg = Release|Any CPU
		{1AADA1E6-4878-4347-9E1C-2C6C78F31263}.Release|Any CPU.Build.0 = Release|Any CPU
	EndGlobalSection
	GlobalSection(SolutionProperties) = preSolution
		HideSolutionNode = FALSE
	EndGlobalSection
EndGlobal
